# THIS IS AN AUTOGENERATED FILE. DO NOT EDIT THIS FILE DIRECTLY.
# yarn lockfile v1


"@babel/code-frame@^7.22.13":
  version "7.23.5"
  resolved "https://registry.yarnpkg.com/@babel/code-frame/-/code-frame-7.23.5.tgz#9009b69a8c602293476ad598ff53e4562e15c244"
  integrity sha512-CgH3s1a96LipHCmSUmYFPwY7MNx8C3avkq7i4Wl3cfa662ldtUe4VM1TPXX70pfmrlWTb6jLqTYrZyT2ZTJBgA==
  dependencies:
    "@babel/highlight" "^7.23.4"
    chalk "^2.4.2"

"@babel/helper-validator-identifier@^7.22.20":
  version "7.22.20"
  resolved "https://registry.yarnpkg.com/@babel/helper-validator-identifier/-/helper-validator-identifier-7.22.20.tgz#c4ae002c61d2879e724581d96665583dbc1dc0e0"
  integrity sha512-Y4OZ+ytlatR8AI+8KZfKuL5urKp7qey08ha31L8b3BwewJAoJamTzyvxPR/5D+KkdJCGPq/+8TukHBlY10FX9A==

"@babel/highlight@^7.23.4":
  version "7.23.4"
  resolved "https://registry.yarnpkg.com/@babel/highlight/-/highlight-7.23.4.tgz#edaadf4d8232e1a961432db785091207ead0621b"
  integrity sha512-acGdbYSfp2WheJoJm/EBBBLh/ID8KDc64ISZ9DYtBmC8/Q204PZJLHyzeB5qMzJ5trcOkybd78M4x2KWsUq++A==
  dependencies:
    "@babel/helper-validator-identifier" "^7.22.20"
    chalk "^2.4.2"
    js-tokens "^4.0.0"

"@esbuild/android-arm64@0.19.9":
  version "0.19.9"
  resolved "https://registry.yarnpkg.com/@esbuild/android-arm64/-/android-arm64-0.19.9.tgz#683794bdc3d27222d3eced7b74cad15979548031"
  integrity sha512-q4cR+6ZD0938R19MyEW3jEsMzbb/1rulLXiNAJQADD/XYp7pT+rOS5JGxvpRW8dFDEfjW4wLgC/3FXIw4zYglQ==

"@esbuild/android-arm@0.19.9":
  version "0.19.9"
  resolved "https://registry.yarnpkg.com/@esbuild/android-arm/-/android-arm-0.19.9.tgz#21a4de41f07b2af47401c601d64dfdefd056c595"
  integrity sha512-jkYjjq7SdsWuNI6b5quymW0oC83NN5FdRPuCbs9HZ02mfVdAP8B8eeqLSYU3gb6OJEaY5CQabtTFbqBf26H3GA==

"@esbuild/android-x64@0.19.9":
  version "0.19.9"
  resolved "https://registry.yarnpkg.com/@esbuild/android-x64/-/android-x64-0.19.9.tgz#e2d7674bc025ddc8699f0cc76cb97823bb63c252"
  integrity sha512-KOqoPntWAH6ZxDwx1D6mRntIgZh9KodzgNOy5Ebt9ghzffOk9X2c1sPwtM9P+0eXbefnDhqYfkh5PLP5ULtWFA==

"@esbuild/darwin-arm64@0.19.9":
  version "0.19.9"
  resolved "https://registry.yarnpkg.com/@esbuild/darwin-arm64/-/darwin-arm64-0.19.9.tgz#ae7a582289cc5c0bac15d4b9020a90cb7288f1e9"
  integrity sha512-KBJ9S0AFyLVx2E5D8W0vExqRW01WqRtczUZ8NRu+Pi+87opZn5tL4Y0xT0mA4FtHctd0ZgwNoN639fUUGlNIWw==

"@esbuild/darwin-x64@0.19.9":
  version "0.19.9"
  resolved "https://registry.yarnpkg.com/@esbuild/darwin-x64/-/darwin-x64-0.19.9.tgz#8a216c66dcf51addeeb843d8cfaeff712821d12b"
  integrity sha512-vE0VotmNTQaTdX0Q9dOHmMTao6ObjyPm58CHZr1UK7qpNleQyxlFlNCaHsHx6Uqv86VgPmR4o2wdNq3dP1qyDQ==

"@esbuild/freebsd-arm64@0.19.9":
  version "0.19.9"
  resolved "https://registry.yarnpkg.com/@esbuild/freebsd-arm64/-/freebsd-arm64-0.19.9.tgz#63d4f603e421252c3cd836b18d01545be7c6c440"
  integrity sha512-uFQyd/o1IjiEk3rUHSwUKkqZwqdvuD8GevWF065eqgYfexcVkxh+IJgwTaGZVu59XczZGcN/YMh9uF1fWD8j1g==

"@esbuild/freebsd-x64@0.19.9":
  version "0.19.9"
  resolved "https://registry.yarnpkg.com/@esbuild/freebsd-x64/-/freebsd-x64-0.19.9.tgz#a3db52595be65360eae4de1d1fa3c1afd942e1e4"
  integrity sha512-WMLgWAtkdTbTu1AWacY7uoj/YtHthgqrqhf1OaEWnZb7PQgpt8eaA/F3LkV0E6K/Lc0cUr/uaVP/49iE4M4asA==

"@esbuild/linux-arm64@0.19.9":
  version "0.19.9"
  resolved "https://registry.yarnpkg.com/@esbuild/linux-arm64/-/linux-arm64-0.19.9.tgz#4ae5811ce9f8d7df5eb9edd9765ea9401a534f13"
  integrity sha512-PiPblfe1BjK7WDAKR1Cr9O7VVPqVNpwFcPWgfn4xu0eMemzRp442hXyzF/fSwgrufI66FpHOEJk0yYdPInsmyQ==

"@esbuild/linux-arm@0.19.9":
  version "0.19.9"
  resolved "https://registry.yarnpkg.com/@esbuild/linux-arm/-/linux-arm-0.19.9.tgz#9807e92cfd335f46326394805ad488e646e506f2"
  integrity sha512-C/ChPohUYoyUaqn1h17m/6yt6OB14hbXvT8EgM1ZWaiiTYz7nWZR0SYmMnB5BzQA4GXl3BgBO1l8MYqL/He3qw==

"@esbuild/linux-ia32@0.19.9":
  version "0.19.9"
  resolved "https://registry.yarnpkg.com/@esbuild/linux-ia32/-/linux-ia32-0.19.9.tgz#18892c10f3106652b16f9da88a0362dc95ed46c7"
  integrity sha512-f37i/0zE0MjDxijkPSQw1CO/7C27Eojqb+r3BbHVxMLkj8GCa78TrBZzvPyA/FNLUMzP3eyHCVkAopkKVja+6Q==

"@esbuild/linux-loong64@0.19.9":
  version "0.19.9"
  resolved "https://registry.yarnpkg.com/@esbuild/linux-loong64/-/linux-loong64-0.19.9.tgz#dc2ebf9a125db0a1bba18c2bbfd4fbdcbcaf61c2"
  integrity sha512-t6mN147pUIf3t6wUt3FeumoOTPfmv9Cc6DQlsVBpB7eCpLOqQDyWBP1ymXn1lDw4fNUSb/gBcKAmvTP49oIkaA==

"@esbuild/linux-mips64el@0.19.9":
  version "0.19.9"
  resolved "https://registry.yarnpkg.com/@esbuild/linux-mips64el/-/linux-mips64el-0.19.9.tgz#4c2f7c5d901015e3faf1563c4a89a50776cb07fd"
  integrity sha512-jg9fujJTNTQBuDXdmAg1eeJUL4Jds7BklOTkkH80ZgQIoCTdQrDaHYgbFZyeTq8zbY+axgptncko3v9p5hLZtw==

"@esbuild/linux-ppc64@0.19.9":
  version "0.19.9"
  resolved "https://registry.yarnpkg.com/@esbuild/linux-ppc64/-/linux-ppc64-0.19.9.tgz#8385332713b4e7812869622163784a5633f76fc4"
  integrity sha512-tkV0xUX0pUUgY4ha7z5BbDS85uI7ABw3V1d0RNTii7E9lbmV8Z37Pup2tsLV46SQWzjOeyDi1Q7Wx2+QM8WaCQ==

"@esbuild/linux-riscv64@0.19.9":
  version "0.19.9"
  resolved "https://registry.yarnpkg.com/@esbuild/linux-riscv64/-/linux-riscv64-0.19.9.tgz#23f1db24fa761be311874f32036c06249aa20cba"
  integrity sha512-DfLp8dj91cufgPZDXr9p3FoR++m3ZJ6uIXsXrIvJdOjXVREtXuQCjfMfvmc3LScAVmLjcfloyVtpn43D56JFHg==

"@esbuild/linux-s390x@0.19.9":
  version "0.19.9"
  resolved "https://registry.yarnpkg.com/@esbuild/linux-s390x/-/linux-s390x-0.19.9.tgz#2dffe497726b897c9f0109e774006e25b33b4fd0"
  integrity sha512-zHbglfEdC88KMgCWpOl/zc6dDYJvWGLiUtmPRsr1OgCViu3z5GncvNVdf+6/56O2Ca8jUU+t1BW261V6kp8qdw==

"@esbuild/linux-x64@0.19.9":
  version "0.19.9"
  resolved "https://registry.yarnpkg.com/@esbuild/linux-x64/-/linux-x64-0.19.9.tgz#ceb1d62cd830724ff5b218e5d3172a8bad59420e"
  integrity sha512-JUjpystGFFmNrEHQnIVG8hKwvA2DN5o7RqiO1CVX8EN/F/gkCjkUMgVn6hzScpwnJtl2mPR6I9XV1oW8k9O+0A==

"@esbuild/netbsd-x64@0.19.9":
  version "0.19.9"
  resolved "https://registry.yarnpkg.com/@esbuild/netbsd-x64/-/netbsd-x64-0.19.9.tgz#0cbca65e9ef4d3fc41502d3e055e6f49479a8f18"
  integrity sha512-GThgZPAwOBOsheA2RUlW5UeroRfESwMq/guy8uEe3wJlAOjpOXuSevLRd70NZ37ZrpO6RHGHgEHvPg1h3S1Jug==

"@esbuild/openbsd-x64@0.19.9":
  version "0.19.9"
  resolved "https://registry.yarnpkg.com/@esbuild/openbsd-x64/-/openbsd-x64-0.19.9.tgz#1f57adfbee09c743292c6758a3642e875bcad1cf"
  integrity sha512-Ki6PlzppaFVbLnD8PtlVQfsYw4S9n3eQl87cqgeIw+O3sRr9IghpfSKY62mggdt1yCSZ8QWvTZ9jo9fjDSg9uw==

"@esbuild/sunos-x64@0.19.9":
  version "0.19.9"
  resolved "https://registry.yarnpkg.com/@esbuild/sunos-x64/-/sunos-x64-0.19.9.tgz#116be6adbd2c7479edeeb5f6ea0441002ab4cb9c"
  integrity sha512-MLHj7k9hWh4y1ddkBpvRj2b9NCBhfgBt3VpWbHQnXRedVun/hC7sIyTGDGTfsGuXo4ebik2+3ShjcPbhtFwWDw==

"@esbuild/win32-arm64@0.19.9":
  version "0.19.9"
  resolved "https://registry.yarnpkg.com/@esbuild/win32-arm64/-/win32-arm64-0.19.9.tgz#2be22131ab18af4693fd737b161d1ef34de8ca9d"
  integrity sha512-GQoa6OrQ8G08guMFgeXPH7yE/8Dt0IfOGWJSfSH4uafwdC7rWwrfE6P9N8AtPGIjUzdo2+7bN8Xo3qC578olhg==

"@esbuild/win32-ia32@0.19.9":
  version "0.19.9"
  resolved "https://registry.yarnpkg.com/@esbuild/win32-ia32/-/win32-ia32-0.19.9.tgz#e10ead5a55789b167b4225d2469324538768af7c"
  integrity sha512-UOozV7Ntykvr5tSOlGCrqU3NBr3d8JqPes0QWN2WOXfvkWVGRajC+Ym0/Wj88fUgecUCLDdJPDF0Nna2UK3Qtg==

"@esbuild/win32-x64@0.19.9":
  version "0.19.9"
  resolved "https://registry.yarnpkg.com/@esbuild/win32-x64/-/win32-x64-0.19.9.tgz#b2da6219b603e3fa371a78f53f5361260d0c5585"
  integrity sha512-oxoQgglOP7RH6iasDrhY+R/3cHrfwIDvRlT4CGChflq6twk8iENeVvMJjmvBb94Ik1Z+93iGO27err7w6l54GQ==

"@jridgewell/sourcemap-codec@^1.4.15":
  version "1.4.15"
  resolved "https://registry.yarnpkg.com/@jridgewell/sourcemap-codec/-/sourcemap-codec-1.4.15.tgz#d7c6e6755c78567a951e04ab52ef0fd26de59f32"
  integrity sha512-eF2rxCRulEKXHTRiDrDy6erMYWqNw4LPdQ8UQA4huuxaQsVeRPFl2oM8oDGxMFhJUWZf9McpLtJasDDZb/Bpeg==

"@rollup/plugin-typescript@^8.3.4":
  version "8.3.4"
  resolved "https://registry.yarnpkg.com/@rollup/plugin-typescript/-/plugin-typescript-8.3.4.tgz#45cdc0787b658b37d0362c705d8de86bc8bc040e"
  integrity sha512-wt7JnYE9antX6BOXtsxGoeVSu4dZfw0dU3xykfOQ4hC3EddxRbVG/K0xiY1Wup7QOHJcjLYXWAn0Kx9Z1SBHHg==
  dependencies:
    "@rollup/pluginutils" "^3.1.0"
    resolve "^1.17.0"

"@rollup/pluginutils@^3.1.0":
  version "3.1.0"
  resolved "https://registry.yarnpkg.com/@rollup/pluginutils/-/pluginutils-3.1.0.tgz#706b4524ee6dc8b103b3c995533e5ad680c02b9b"
  integrity sha512-GksZ6pr6TpIjHm8h9lSQ8pi8BE9VeubNT0OMJ3B5uZJ8pz73NPiqOtCog/x2/QzM1ENChPKxMDhiQuRHsqc+lg==
  dependencies:
    "@types/estree" "0.0.39"
    estree-walker "^1.0.1"
    picomatch "^2.2.2"

"@rollup/pluginutils@^5.0.5":
  version "5.1.0"
  resolved "https://registry.yarnpkg.com/@rollup/pluginutils/-/pluginutils-5.1.0.tgz#7e53eddc8c7f483a4ad0b94afb1f7f5fd3c771e0"
  integrity sha512-XTIWOPPcpvyKI6L1NHo0lFlCyznUEyPmPY1mc3KpPVDYulHSTvyeLNVW00QTLIAFNhR3kYnJTQHeGqU4M3n09g==
  dependencies:
    "@types/estree" "^1.0.0"
    estree-walker "^2.0.2"
    picomatch "^2.3.1"

"@rollup/rollup-android-arm-eabi@4.9.1":
  version "4.9.1"
  resolved "https://registry.yarnpkg.com/@rollup/rollup-android-arm-eabi/-/rollup-android-arm-eabi-4.9.1.tgz#beaf518ee45a196448e294ad3f823d2d4576cf35"
  integrity sha512-6vMdBZqtq1dVQ4CWdhFwhKZL6E4L1dV6jUjuBvsavvNJSppzi6dLBbuV+3+IyUREaj9ZFvQefnQm28v4OCXlig==

"@rollup/rollup-android-arm64@4.9.1":
  version "4.9.1"
  resolved "https://registry.yarnpkg.com/@rollup/rollup-android-arm64/-/rollup-android-arm64-4.9.1.tgz#6f76cfa759c2d0fdb92122ffe28217181a1664eb"
  integrity sha512-Jto9Fl3YQ9OLsTDWtLFPtaIMSL2kwGyGoVCmPC8Gxvym9TCZm4Sie+cVeblPO66YZsYH8MhBKDMGZ2NDxuk/XQ==

"@rollup/rollup-darwin-arm64@4.9.1":
  version "4.9.1"
  resolved "https://registry.yarnpkg.com/@rollup/rollup-darwin-arm64/-/rollup-darwin-arm64-4.9.1.tgz#9aaefe33a5481d66322d1c62f368171c03eabe2b"
  integrity sha512-LtYcLNM+bhsaKAIGwVkh5IOWhaZhjTfNOkGzGqdHvhiCUVuJDalvDxEdSnhFzAn+g23wgsycmZk1vbnaibZwwA==

"@rollup/rollup-darwin-x64@4.9.1":
  version "4.9.1"
  resolved "https://registry.yarnpkg.com/@rollup/rollup-darwin-x64/-/rollup-darwin-x64-4.9.1.tgz#707dcaadcdc6bd3fd6c69f55d9456cd4446306a3"
  integrity sha512-KyP/byeXu9V+etKO6Lw3E4tW4QdcnzDG/ake031mg42lob5tN+5qfr+lkcT/SGZaH2PdW4Z1NX9GHEkZ8xV7og==

"@rollup/rollup-linux-arm-gnueabihf@4.9.1":
  version "4.9.1"
  resolved "https://registry.yarnpkg.com/@rollup/rollup-linux-arm-gnueabihf/-/rollup-linux-arm-gnueabihf-4.9.1.tgz#7a4dbbd1dd98731d88a55aefcef0ec4c578fa9c7"
  integrity sha512-Yqz/Doumf3QTKplwGNrCHe/B2p9xqDghBZSlAY0/hU6ikuDVQuOUIpDP/YcmoT+447tsZTmirmjgG3znvSCR0Q==

"@rollup/rollup-linux-arm64-gnu@4.9.1":
  version "4.9.1"
  resolved "https://registry.yarnpkg.com/@rollup/rollup-linux-arm64-gnu/-/rollup-linux-arm64-gnu-4.9.1.tgz#967ba8e6f68a5f21bd00cd97773dcdd6107e94ed"
  integrity sha512-u3XkZVvxcvlAOlQJ3UsD1rFvLWqu4Ef/Ggl40WAVCuogf4S1nJPHh5RTgqYFpCOvuGJ7H5yGHabjFKEZGExk5Q==

"@rollup/rollup-linux-arm64-musl@4.9.1":
  version "4.9.1"
  resolved "https://registry.yarnpkg.com/@rollup/rollup-linux-arm64-musl/-/rollup-linux-arm64-musl-4.9.1.tgz#d3a4e1c9f21eef3b9f4e4989f334a519a1341462"
  integrity sha512-0XSYN/rfWShW+i+qjZ0phc6vZ7UWI8XWNz4E/l+6edFt+FxoEghrJHjX1EY/kcUGCnZzYYRCl31SNdfOi450Aw==

"@rollup/rollup-linux-riscv64-gnu@4.9.1":
  version "4.9.1"
  resolved "https://registry.yarnpkg.com/@rollup/rollup-linux-riscv64-gnu/-/rollup-linux-riscv64-gnu-4.9.1.tgz#415c0533bb752164effd05f5613858e8f6779bc9"
  integrity sha512-LmYIO65oZVfFt9t6cpYkbC4d5lKHLYv5B4CSHRpnANq0VZUQXGcCPXHzbCXCz4RQnx7jvlYB1ISVNCE/omz5cw==

"@rollup/rollup-linux-x64-gnu@4.9.1":
  version "4.9.1"
  resolved "https://registry.yarnpkg.com/@rollup/rollup-linux-x64-gnu/-/rollup-linux-x64-gnu-4.9.1.tgz#0983385dd753a2e0ecaddea7a81dd37fea5114f5"
  integrity sha512-kr8rEPQ6ns/Lmr/hiw8sEVj9aa07gh1/tQF2Y5HrNCCEPiCBGnBUt9tVusrcBBiJfIt1yNaXN6r1CCmpbFEDpg==

"@rollup/rollup-linux-x64-musl@4.9.1":
  version "4.9.1"
  resolved "https://registry.yarnpkg.com/@rollup/rollup-linux-x64-musl/-/rollup-linux-x64-musl-4.9.1.tgz#eb7494ebc5199cbd2e5c38c2b8acbe2603f35e03"
  integrity sha512-t4QSR7gN+OEZLG0MiCgPqMWZGwmeHhsM4AkegJ0Kiy6TnJ9vZ8dEIwHw1LcZKhbHxTY32hp9eVCMdR3/I8MGRw==

"@rollup/rollup-win32-arm64-msvc@4.9.1":
  version "4.9.1"
  resolved "https://registry.yarnpkg.com/@rollup/rollup-win32-arm64-msvc/-/rollup-win32-arm64-msvc-4.9.1.tgz#5bebc66e3a7f82d4b9aa9ff448e7fc13a69656e9"
  integrity sha512-7XI4ZCBN34cb+BH557FJPmh0kmNz2c25SCQeT9OiFWEgf8+dL6ZwJ8f9RnUIit+j01u07Yvrsuu1rZGxJCc51g==

"@rollup/rollup-win32-ia32-msvc@4.9.1":
  version "4.9.1"
  resolved "https://registry.yarnpkg.com/@rollup/rollup-win32-ia32-msvc/-/rollup-win32-ia32-msvc-4.9.1.tgz#34156ebf8b4de3b20e6497260fe519a30263f8cf"
  integrity sha512-yE5c2j1lSWOH5jp+Q0qNL3Mdhr8WuqCNVjc6BxbVfS5cAS6zRmdiw7ktb8GNpDCEUJphILY6KACoFoRtKoqNQg==

"@rollup/rollup-win32-x64-msvc@4.9.1":
  version "4.9.1"
  resolved "https://registry.yarnpkg.com/@rollup/rollup-win32-x64-msvc/-/rollup-win32-x64-msvc-4.9.1.tgz#d146db7a5949e10837b323ce933ed882ac878262"
  integrity sha512-PyJsSsafjmIhVgaI1Zdj7m8BB8mMckFah/xbpplObyHfiXzKcI5UOUXRyOdHW7nz4DpMCuzLnF7v5IWHenCwYA==

"@types/estree@0.0.39":
  version "0.0.39"
  resolved "https://registry.yarnpkg.com/@types/estree/-/estree-0.0.39.tgz#e177e699ee1b8c22d23174caaa7422644389509f"
  integrity sha512-EYNwp3bU+98cpU4lAWYYL7Zz+2gryWH1qbdDTidVd6hkiR6weksdbMadyXKXNPEkQFhXM+hVO9ZygomHXp+AIw==

"@types/estree@^1.0.0":
  version "1.0.5"
  resolved "https://registry.yarnpkg.com/@types/estree/-/estree-1.0.5.tgz#a6ce3e556e00fd9895dd872dd172ad0d4bd687f4"
  integrity sha512-/kYRxGDLWzHOB7q+wtSUQlFrtcdUccpfy+X+9iMBpHK8QLLhx2wIPYuS5DYtR9Wa/YlZAbIovy7qVdB1Aq6Lyw==

"@types/node@^17.0.8":
  version "17.0.8"
  resolved "https://registry.yarnpkg.com/@types/node/-/node-17.0.8.tgz#50d680c8a8a78fe30abe6906453b21ad8ab0ad7b"
  integrity sha512-YofkM6fGv4gDJq78g4j0mMuGMkZVxZDgtU0JRdx6FgiJDG+0fY0GKVolOV8WqVmEhLCXkQRjwDdKyPxJp/uucg==

ansi-styles@^3.2.1:
  version "3.2.1"
  resolved "https://registry.yarnpkg.com/ansi-styles/-/ansi-styles-3.2.1.tgz#41fbb20243e50b12be0f04b8dedbf07520ce841d"
  integrity sha512-VT0ZI6kZRdTh8YyJw3SMbYm/u+NqfsAxEpWO0Pf9sq8/e94WxxOpPKx9FR1FlyCtOVDNOQ+8ntlqFxiRc+r5qA==
  dependencies:
    color-convert "^1.9.0"

chalk@^2.4.2:
  version "2.4.2"
  resolved "https://registry.yarnpkg.com/chalk/-/chalk-2.4.2.tgz#cd42541677a54333cf541a49108c1432b44c9424"
  integrity sha512-Mti+f9lpJNcwF4tWV8/OrTTtF1gZi+f8FqlyAdouralcFWFQWF2+NgCHShjkCb+IFBLq9buZwE1xckQU4peSuQ==
  dependencies:
    ansi-styles "^3.2.1"
    escape-string-regexp "^1.0.5"
    supports-color "^5.3.0"

color-convert@^1.9.0:
  version "1.9.3"
  resolved "https://registry.yarnpkg.com/color-convert/-/color-convert-1.9.3.tgz#bb71850690e1f136567de629d2d5471deda4c1e8"
  integrity sha512-QfAUtd+vFdAtFQcC8CCyYt1fYWxSqAiK2cSD6zDB8N3cpsEBAvRxp9zOGg6G/SHHJYAT88/az/IuDGALsNVbGg==
  dependencies:
    color-name "1.1.3"

color-name@1.1.3:
  version "1.1.3"
  resolved "https://registry.yarnpkg.com/color-name/-/color-name-1.1.3.tgz#a7d0558bd89c42f795dd42328f740831ca53bc25"
  integrity sha1-p9BVi9icQveV3UIyj3QIMcpTvCU=

debug@^4.3.4:
  version "4.3.4"
  resolved "https://registry.yarnpkg.com/debug/-/debug-4.3.4.tgz#1319f6579357f2338d3337d2cdd4914bb5dcc865"
  integrity sha512-PRWFHuSU3eDtQJPvnNY7Jcket1j0t5OuOsFzPPzsekD52Zl8qUfFIPEiswXqIvHWGVHOgX+7G/vCNNhehwxfkQ==
  dependencies:
    ms "2.1.2"

es-module-lexer@^1.3.1:
  version "1.4.1"
  resolved "https://registry.yarnpkg.com/es-module-lexer/-/es-module-lexer-1.4.1.tgz#41ea21b43908fe6a287ffcbe4300f790555331f5"
  integrity sha512-cXLGjP0c4T3flZJKQSuziYoq7MlT+rnvfZjfp7h+I7K9BNX54kP9nyWvdbwjQ4u1iWbOL4u96fgeZLToQlZC7w==

esbuild@^0.19.3:
  version "0.19.9"
  resolved "https://registry.yarnpkg.com/esbuild/-/esbuild-0.19.9.tgz#423a8f35153beb22c0b695da1cd1e6c0c8cdd490"
  integrity sha512-U9CHtKSy+EpPsEBa+/A2gMs/h3ylBC0H0KSqIg7tpztHerLi6nrrcoUJAkNCEPumx8yJ+Byic4BVwHgRbN0TBg==
  optionalDependencies:
    "@esbuild/android-arm" "0.19.9"
    "@esbuild/android-arm64" "0.19.9"
    "@esbuild/android-x64" "0.19.9"
    "@esbuild/darwin-arm64" "0.19.9"
    "@esbuild/darwin-x64" "0.19.9"
    "@esbuild/freebsd-arm64" "0.19.9"
    "@esbuild/freebsd-x64" "0.19.9"
    "@esbuild/linux-arm" "0.19.9"
    "@esbuild/linux-arm64" "0.19.9"
    "@esbuild/linux-ia32" "0.19.9"
    "@esbuild/linux-loong64" "0.19.9"
    "@esbuild/linux-mips64el" "0.19.9"
    "@esbuild/linux-ppc64" "0.19.9"
    "@esbuild/linux-riscv64" "0.19.9"
    "@esbuild/linux-s390x" "0.19.9"
    "@esbuild/linux-x64" "0.19.9"
    "@esbuild/netbsd-x64" "0.19.9"
    "@esbuild/openbsd-x64" "0.19.9"
    "@esbuild/sunos-x64" "0.19.9"
    "@esbuild/win32-arm64" "0.19.9"
    "@esbuild/win32-ia32" "0.19.9"
    "@esbuild/win32-x64" "0.19.9"

escape-string-regexp@^1.0.5:
  version "1.0.5"
  resolved "https://registry.yarnpkg.com/escape-string-regexp/-/escape-string-regexp-1.0.5.tgz#1b61c0562190a8dff6ae3bb2cf0200ca130b86d4"
  integrity sha1-G2HAViGQqN/2rjuyzwIAyhMLhtQ=

estree-walker@^1.0.1:
  version "1.0.1"
  resolved "https://registry.yarnpkg.com/estree-walker/-/estree-walker-1.0.1.tgz#31bc5d612c96b704106b477e6dd5d8aa138cb700"
  integrity sha512-1fMXF3YP4pZZVozF8j/ZLfvnR8NSIljt56UhbZ5PeeDmmGHpgpdwQt7ITlGvYaQukCvuBRMLEiKiYC+oeIg4cg==

estree-walker@^2.0.2:
  version "2.0.2"
  resolved "https://registry.yarnpkg.com/estree-walker/-/estree-walker-2.0.2.tgz#52f010178c2a4c117a7757cfe942adb7d2da4cac"
  integrity sha512-Rfkk/Mp/DL7JVje3u18FxFujQlTNR2q6QfMSMB7AvCBx91NGj/ba3kCfza0f6dVDbw7YlRf/nDrn7pQrCCyQ/w==

fsevents@~2.3.2:
  version "2.3.2"
  resolved "https://registry.yarnpkg.com/fsevents/-/fsevents-2.3.2.tgz#8a526f78b8fdf4623b709e0b975c52c24c02fd1a"
  integrity sha512-xiqMQR4xAeHTuB9uWm+fFRcIOgKBMiOBP+eXiyT7jsgVCq1bkVygt00oASowB7EdtpOHaaPgKt812P9ab+DDKA==

fsevents@~2.3.3:
  version "2.3.3"
  resolved "https://registry.yarnpkg.com/fsevents/-/fsevents-2.3.3.tgz#cac6407785d03675a2a5e1a5305c697b347d90d6"
  integrity sha512-5xoDfX+fL7faATnagmWPpbFtwh/R77WmMMqqHGS65C3vvB0YHrgF+B1YmZ3441tMj5n63k0212XNoJwzlhffQw==

function-bind@^1.1.1:
  version "1.1.1"
  resolved "https://registry.yarnpkg.com/function-bind/-/function-bind-1.1.1.tgz#a56899d3ea3c9bab874bb9773b7c5ede92f4895d"
  integrity sha512-yIovAzMX49sF8Yl58fSCWJ5svSLuaibPxXQJFLmBObTuCr0Mf1KiPopGM9NiFjiYBCbfaa2Fh6breQ6ANVTI0A==

get-tsconfig@^4.7.2:
  version "4.7.2"
  resolved "https://registry.yarnpkg.com/get-tsconfig/-/get-tsconfig-4.7.2.tgz#0dcd6fb330391d46332f4c6c1bf89a6514c2ddce"
  integrity sha512-wuMsz4leaj5hbGgg4IvDU0bqJagpftG5l5cXIAvo8uZrqn0NJqwtfupTN00VnkQJPcIRrxYrm1Ue24btpCha2A==
  dependencies:
    resolve-pkg-maps "^1.0.0"

has-flag@^3.0.0:
  version "3.0.0"
  resolved "https://registry.yarnpkg.com/has-flag/-/has-flag-3.0.0.tgz#b5d454dc2199ae225699f3467e5a07f3b955bafd"
  integrity sha1-tdRU3CGZriJWmfNGfloH87lVuv0=

has@^1.0.3:
  version "1.0.3"
  resolved "https://registry.yarnpkg.com/has/-/has-1.0.3.tgz#722d7cbfc1f6aa8241f16dd814e011e1f41e8796"
  integrity sha512-f2dvO0VU6Oej7RkWJGrehjbzMAjFp5/VKPp5tTpWIV4JHHZK1/BxbFRtf/siA2SWTe09caDmVtYYzWEIbBS4zw==
  dependencies:
    function-bind "^1.1.1"

is-core-module@^2.9.0:
  version "2.10.0"
  resolved "https://registry.yarnpkg.com/is-core-module/-/is-core-module-2.10.0.tgz#9012ede0a91c69587e647514e1d5277019e728ed"
  integrity sha512-Erxj2n/LDAZ7H8WNJXd9tw38GYM3dv8rk8Zcs+jJuxYTW7sozH+SS8NtrSjVL1/vpLvWi1hxy96IzjJ3EHTJJg==
  dependencies:
    has "^1.0.3"

js-tokens@^4.0.0:
  version "4.0.0"
  resolved "https://registry.yarnpkg.com/js-tokens/-/js-tokens-4.0.0.tgz#19203fb59991df98e3a287050d4647cdeaf32499"
  integrity sha512-RdJUflcE3cUzKiMqQgsCu06FPu9UdIJO0beYbPhHN4k6apgJtifcoCtT9bcxOpYBtpD2kCM6Sbzg4CausW/PKQ==

magic-string@^0.30.4:
  version "0.30.5"
  resolved "https://registry.yarnpkg.com/magic-string/-/magic-string-0.30.5.tgz#1994d980bd1c8835dc6e78db7cbd4ae4f24746f9"
  integrity sha512-7xlpfBaQaP/T6Vh8MO/EqXSW5En6INHEvEXQiuff7Gku0PWjU3uf6w/j9o7O+SpB5fOAkrI5HeoNgwjEO0pFsA==
  dependencies:
    "@jridgewell/sourcemap-codec" "^1.4.15"

ms@2.1.2:
  version "2.1.2"
  resolved "https://registry.yarnpkg.com/ms/-/ms-2.1.2.tgz#d09d1f357b443f493382a8eb3ccd183872ae6009"
  integrity sha512-sGkPx+VjMtmA6MX27oA4FBFELFCZZ4S4XqeGOXCv68tT+jb3vk/RyaKWP0PTKyWtmLSM0b+adUTEvbs1PEaH2w==

nanoid@^3.3.7:
  version "3.3.7"
  resolved "https://registry.yarnpkg.com/nanoid/-/nanoid-3.3.7.tgz#d0c301a691bc8d54efa0a2226ccf3fe2fd656bd8"
  integrity sha512-eSRppjcPIatRIMC1U6UngP8XFcz8MQWGQdt1MTBQ7NaAmvXDfvNxbvWV3x2y6CdEUciCSsDHDQZbhYaB8QEo2g==

path-parse@^1.0.7:
  version "1.0.7"
  resolved "https://registry.yarnpkg.com/path-parse/-/path-parse-1.0.7.tgz#fbc114b60ca42b30d9daf5858e4bd68bbedb6735"
  integrity sha512-LDJzPVEEEPR+y48z93A0Ed0yXb8pAByGWo/k5YYdYgpY2/2EsOsksJrq7lOHxryrVOn1ejG6oAp8ahvOIQD8sw==

picocolors@^1.0.0:
  version "1.0.0"
  resolved "https://registry.yarnpkg.com/picocolors/-/picocolors-1.0.0.tgz#cb5bdc74ff3f51892236eaf79d68bc44564ab81c"
  integrity sha512-1fygroTLlHu66zi26VoTDv8yRgm0Fccecssto+MhsZ0D/DGW2sm8E8AjW7NU5VVTRt5GxbeZ5qBuJr+HyLYkjQ==

picomatch@^2.2.2, picomatch@^2.3.1:
  version "2.3.1"
  resolved "https://registry.yarnpkg.com/picomatch/-/picomatch-2.3.1.tgz#3ba3833733646d9d3e4995946c1365a67fb07a42"
  integrity sha512-JU3teHTNjmE2VCGFzuY8EXzCDVwEqB2a8fsIvwaStHhAWJEeVd1o1QD80CU6+ZdEXXSLbSsuLwJjkCBWqRQUVA==

postcss@^8.4.32:
  version "8.4.32"
  resolved "https://registry.yarnpkg.com/postcss/-/postcss-8.4.32.tgz#1dac6ac51ab19adb21b8b34fd2d93a86440ef6c9"
  integrity sha512-D/kj5JNu6oo2EIy+XL/26JEDTlIbB8hw85G8StOE6L74RQAVVP5rej6wxCNqyMbR4RkPfqvezVbPw81Ngd6Kcw==
  dependencies:
    nanoid "^3.3.7"
    picocolors "^1.0.0"
    source-map-js "^1.0.2"

resolve-pkg-maps@^1.0.0:
  version "1.0.0"
  resolved "https://registry.yarnpkg.com/resolve-pkg-maps/-/resolve-pkg-maps-1.0.0.tgz#616b3dc2c57056b5588c31cdf4b3d64db133720f"
  integrity sha512-seS2Tj26TBVOC2NIc2rOe2y2ZO7efxITtLZcGSOnHHNOQ7CkiUBfw0Iw2ck6xkIhPwLhKNLS8BO+hEpngQlqzw==

resolve@^1.17.0:
  version "1.22.1"
  resolved "https://registry.yarnpkg.com/resolve/-/resolve-1.22.1.tgz#27cb2ebb53f91abb49470a928bba7558066ac177"
  integrity sha512-nBpuuYuY5jFsli/JIs1oldw6fOQCBioohqWZg/2hiaOybXOft4lonv85uDOKXdf8rhyK159cxU5cDcK/NKk8zw==
  dependencies:
    is-core-module "^2.9.0"
    path-parse "^1.0.7"
    supports-preserve-symlinks-flag "^1.0.0"

rollup-plugin-dts@^6.1.0:
  version "6.1.0"
  resolved "https://registry.yarnpkg.com/rollup-plugin-dts/-/rollup-plugin-dts-6.1.0.tgz#56e9c5548dac717213c6a4aa9df523faf04f75ae"
  integrity sha512-ijSCPICkRMDKDLBK9torss07+8dl9UpY9z1N/zTeA1cIqdzMlpkV3MOOC7zukyvQfDyxa1s3Dl2+DeiP/G6DOw==
  dependencies:
    magic-string "^0.30.4"
  optionalDependencies:
    "@babel/code-frame" "^7.22.13"

rollup-plugin-esbuild@^6.1.0:
  version "6.1.0"
  resolved "https://registry.yarnpkg.com/rollup-plugin-esbuild/-/rollup-plugin-esbuild-6.1.0.tgz#966d297fe9edea3e6ba5dfd8ca3208825c82d7ce"
  integrity sha512-HPpXU65V8bSpW8eSYPahtUJaJHmbxJGybuf/M8B3bz/6i11YaYHlNNJIQ38gSEV0FyohQOgVxJ2YMEEZtEmwvA==
  dependencies:
    "@rollup/pluginutils" "^5.0.5"
    debug "^4.3.4"
    es-module-lexer "^1.3.1"
    get-tsconfig "^4.7.2"

rollup@^4.2.0, rollup@^4.9.1:
  version "4.9.1"
  resolved "https://registry.yarnpkg.com/rollup/-/rollup-4.9.1.tgz#351d6c03e4e6bcd7a0339df3618d2aeeb108b507"
  integrity sha512-pgPO9DWzLoW/vIhlSoDByCzcpX92bKEorbgXuZrqxByte3JFk2xSW2JEeAcyLc9Ru9pqcNNW+Ob7ntsk2oT/Xw==
  optionalDependencies:
    "@rollup/rollup-android-arm-eabi" "4.9.1"
    "@rollup/rollup-android-arm64" "4.9.1"
    "@rollup/rollup-darwin-arm64" "4.9.1"
    "@rollup/rollup-darwin-x64" "4.9.1"
    "@rollup/rollup-linux-arm-gnueabihf" "4.9.1"
    "@rollup/rollup-linux-arm64-gnu" "4.9.1"
    "@rollup/rollup-linux-arm64-musl" "4.9.1"
    "@rollup/rollup-linux-riscv64-gnu" "4.9.1"
    "@rollup/rollup-linux-x64-gnu" "4.9.1"
    "@rollup/rollup-linux-x64-musl" "4.9.1"
    "@rollup/rollup-win32-arm64-msvc" "4.9.1"
    "@rollup/rollup-win32-ia32-msvc" "4.9.1"
    "@rollup/rollup-win32-x64-msvc" "4.9.1"
    fsevents "~2.3.2"

source-map-js@^1.0.2:
  version "1.0.2"
  resolved "https://registry.yarnpkg.com/source-map-js/-/source-map-js-1.0.2.tgz#adbc361d9c62df380125e7f161f71c826f1e490c"
  integrity sha512-R0XvVJ9WusLiqTCEiGCmICCMplcCkIwwR11mOSD9CR5u+IXYdiseeEuXCVAjS54zqwkLcPNnmU4OeJ6tUrWhDw==

supports-color@^5.3.0:
  version "5.5.0"
  resolved "https://registry.yarnpkg.com/supports-color/-/supports-color-5.5.0.tgz#e2e69a44ac8772f78a1ec0b35b689df6530efc8f"
  integrity sha512-QjVjwdXIt408MIiAqCX4oUKsgU2EqAGzs2Ppkm4aQYbjm+ZEWEcW4SfFNTr4uMNZma0ey4f5lgLrkB0aX0QMow==
  dependencies:
    has-flag "^3.0.0"

supports-preserve-symlinks-flag@^1.0.0:
  version "1.0.0"
  resolved "https://registry.yarnpkg.com/supports-preserve-symlinks-flag/-/supports-preserve-symlinks-flag-1.0.0.tgz#6eda4bd344a3c94aea376d4cc31bc77311039e09"
  integrity sha512-ot0WnXS9fgdkgIcePe6RHNk1WA8+muPa6cSjeR3V8K27q9BB1rTE3R1p7Hv0z1ZyAc8s6Vvv8DIyWf681MAt0w==

tslib@^2.4.0:
  version "2.4.0"
  resolved "https://registry.yarnpkg.com/tslib/-/tslib-2.4.0.tgz#7cecaa7f073ce680a05847aa77be941098f36dc3"
  integrity sha512-d6xOpEDfsi2CZVlPQzGeux8XMwLT9hssAsaPYExaQMuYskwb+x1x7J371tWlbBdWHroy99KnVB6qIkUbs5X3UQ==

typescript@^5.3.3:
  version "5.3.3"
  resolved "https://registry.yarnpkg.com/typescript/-/typescript-5.3.3.tgz#b3ce6ba258e72e6305ba66f5c9b452aaee3ffe37"
  integrity sha512-pXWcraxM0uxAS+tN0AG/BF2TyqmHO014Z070UsJ+pFvYuRSq8KH8DmWpnbXe0pEPDHXZV3FcAbJkijJ5oNEnWw==

vite@^5.0.0:
  version "5.0.10"
  resolved "https://registry.yarnpkg.com/vite/-/vite-5.0.10.tgz#1e13ef5c3cf5aa4eed81f5df6d107b3c3f1f6356"
  integrity sha512-2P8J7WWgmc355HUMlFrwofacvr98DAjoE52BfdbwQtyLH06XKwaL/FMnmKM2crF0iX4MpmMKoDlNCB1ok7zHCw==
  dependencies:
    esbuild "^0.19.3"
    postcss "^8.4.32"
    rollup "^4.2.0"
  optionalDependencies:
    fsevents "~2.3.3"
